
Microsoft Visual Studio Solution File, Format Version 12.00
# Visual Studio Version 16
VisualStudioVersion = 16.0.29324.140
MinimumVisualStudioVersion = 10.0.40219.1
Project("{FAE04EC0-301F-11D3-BF4B-00C04F79EFBC}") = "UserAPI", "UserAPI\UserAPI.csproj", "{01DD907F-76BC-43F7-9167-6EF4F8542C8D}"
EndProject
Global
	GlobalSection(SolutionConfigurationPlatforms) = preSolution
		Debug|Any CPU = Debug|Any CPU
		Release|Any CPU = Release|Any CPU
	EndGlobalSection
	GlobalSection(ProjectConfigurationPlatforms) = postSolution
		{01DD907F-76BC-43F7-9167-6EF4F8542C8D}.Debug|Any CPU.ActiveCfg = Debug|Any CPU
		{01DD907F-76BC-43F7-9167-6EF4F8542C8D}.Debug|Any CPU.Build.0 = Debug|Any CPU
		{01DD907F-76BC-43F7-9167-6EF4F8542C8D}.Release|Any CPU.ActiveCfg = Release|Any CPU
		{01DD907F-76BC-43F7-9167-6EF4F8542C8D}.Release|Any CPU.Build.0 = Release|Any CPU
	EndGlobalSection
	GlobalSection(SolutionProperties) = preSolution
		HideSolutionNode = FALSE
	EndGlobalSection
	GlobalSection(ExtensibilityGlobals) = postSolution
		SolutionGuid = {D7C0C0AD-74E5-4C79-9710-6D1203C6CB58}
	EndGlobalSection
EndGlobal
